PackratFormat: 1.4
PackratVersion: 0.5.0
RVersion: 3.5.1
Repos: CRAN=https://cran.rstudio.com/

Package: Rcpp
Source: CRAN
Version: 1.0.0

Package: backports
Source: CRAN
Version: 1.1.2

Package: base64enc
Source: CRAN
Version: 0.1-3

Package: digest
Source: CRAN
Version: 0.6.18

Package: evaluate
Source: CRAN
Version: 0.12

Package: glue
Source: CRAN
Version: 1.3.0

Package: highr
Source: CRAN
Version: 0.7

Package: htmltools
Source: CRAN
Version: 0.3.6
Requires: Rcpp, digest

Package: jsonlite
Source: CRAN
Version: 1.5

Package: knitr
Source: CRAN
Version: 1.20
Requires: evaluate, highr, markdown, stringr, yaml

Package: magrittr
Source: CRAN
Version: 1.5

Package: markdown
Source: CRAN
Version: 0.8
Requires: mime

Package: mime
Source: CRAN
Version: 0.6

Package: packrat
Source: CRAN
Version: 0.5.0
Hash: 498643e765d1442ba7b1160a1df3abf9

Package: rmarkdown
Source: CRAN
Version: 1.10
Requires: base64enc, evaluate, htmltools, jsonlite, knitr, mime,
    rprojroot, stringr, tinytex, yaml

Package: rprojroot
Source: CRAN
Version: 1.3-2
Requires: backports

Package: stringi
Source: CRAN
Version: 1.2.4

Package: stringr
Source: CRAN
Version: 1.3.1
Requires: glue, magrittr, stringi

Package: tinytex
Source: CRAN
Version: 0.9
Requires: xfun

Package: xfun
Source: CRAN
Version: 0.4

Package: yaml
Source: CRAN
Version: 2.2.0
